// !$*UTF8*$!
{
	archiveVersion = 1;
	classes = {
	};
	objectVersion = 55;
	objects = {

/* Begin PBXBuildFile section */
		011EACCE27F6EC97003E9DE2 /* main.swift in Sources */ = {isa = PBXBuildFile; fileRef = 011EACCD27F6EC97003E9DE2 /* main.swift */; };
		0141784C27FC02EC004CF832 /* 문자열압축.swift in Sources */ = {isa = PBXBuildFile; fileRef = 0141784B27FC02EC004CF832 /* 문자열압축.swift */; };
		0141784E27FC032E004CF832 /* 멀쩡한사각형.swift in Sources */ = {isa = PBXBuildFile; fileRef = 0141784D27FC032E004CF832 /* 멀쩡한사각형.swift */; };
		0141785027FC1E49004CF832 /* 기능개발.swift in Sources */ = {isa = PBXBuildFile; fileRef = 0141784F27FC1E49004CF832 /* 기능개발.swift */; };
		0141785227FC3C76004CF832 /* 타겟넘버.swift in Sources */ = {isa = PBXBuildFile; fileRef = 0141785127FC3C76004CF832 /* 타겟넘버.swift */; };
		014F844A28065D6B0010DC90 /* 뉴스클러스터링.swift in Sources */ = {isa = PBXBuildFile; fileRef = 014F844928065D6B0010DC90 /* 뉴스클러스터링.swift */; };
		014F844E280660B80010DC90 /* String+Extension.swift in Sources */ = {isa = PBXBuildFile; fileRef = 014F844D280660B80010DC90 /* String+Extension.swift */; };
		019AD5E327FD928A0090887C /* 행렬테두리회전하기.swift in Sources */ = {isa = PBXBuildFile; fileRef = 019AD5E227FD928A0090887C /* 행렬테두리회전하기.swift */; };
		C8B60AA127FC7DBB009F6E68 /* 짝지어제거하기.swift in Sources */ = {isa = PBXBuildFile; fileRef = C8B60AA027FC7DBB009F6E68 /* 짝지어제거하기.swift */; };
		C8BBC20F27FB4D7D00CF86BE /* 오픈채팅방.swift in Sources */ = {isa = PBXBuildFile; fileRef = C8BBC20E27FB4D7D00CF86BE /* 오픈채팅방.swift */; };
/* End PBXBuildFile section */

/* Begin PBXCopyFilesBuildPhase section */
		011EACC827F6EC97003E9DE2 /* CopyFiles */ = {
			isa = PBXCopyFilesBuildPhase;
			buildActionMask = 2147483647;
			dstPath = /usr/share/man/man1/;
			dstSubfolderSpec = 0;
			files = (
			);
			runOnlyForDeploymentPostprocessing = 1;
		};
/* End PBXCopyFilesBuildPhase section */

/* Begin PBXFileReference section */
		011EACCA27F6EC97003E9DE2 /* CodingTest */ = {isa = PBXFileReference; explicitFileType = "compiled.mach-o.executable"; includeInIndex = 0; path = CodingTest; sourceTree = BUILT_PRODUCTS_DIR; };
		011EACCD27F6EC97003E9DE2 /* main.swift */ = {isa = PBXFileReference; lastKnownFileType = sourcecode.swift; path = main.swift; sourceTree = "<group>"; };
		0141784B27FC02EC004CF832 /* 문자열압축.swift */ = {isa = PBXFileReference; lastKnownFileType = sourcecode.swift; path = "문자열압축.swift"; sourceTree = "<group>"; };
		0141784D27FC032E004CF832 /* 멀쩡한사각형.swift */ = {isa = PBXFileReference; lastKnownFileType = sourcecode.swift; path = "멀쩡한사각형.swift"; sourceTree = "<group>"; };
		0141784F27FC1E49004CF832 /* 기능개발.swift */ = {isa = PBXFileReference; lastKnownFileType = sourcecode.swift; path = "기능개발.swift"; sourceTree = "<group>"; };
		0141785127FC3C76004CF832 /* 타겟넘버.swift */ = {isa = PBXFileReference; lastKnownFileType = sourcecode.swift; path = "타겟넘버.swift"; sourceTree = "<group>"; };
		014F844928065D6B0010DC90 /* 뉴스클러스터링.swift */ = {isa = PBXFileReference; lastKnownFileType = sourcecode.swift; path = "뉴스클러스터링.swift"; sourceTree = "<group>"; };
		014F844D280660B80010DC90 /* String+Extension.swift */ = {isa = PBXFileReference; lastKnownFileType = sourcecode.swift; path = "String+Extension.swift"; sourceTree = "<group>"; };
		019AD5E227FD928A0090887C /* 행렬테두리회전하기.swift */ = {isa = PBXFileReference; lastKnownFileType = sourcecode.swift; path = "행렬테두리회전하기.swift"; sourceTree = "<group>"; };
		C8B60AA027FC7DBB009F6E68 /* 짝지어제거하기.swift */ = {isa = PBXFileReference; lastKnownFileType = sourcecode.swift; path = "짝지어제거하기.swift"; sourceTree = "<group>"; };
		C8BBC20E27FB4D7D00CF86BE /* 오픈채팅방.swift */ = {isa = PBXFileReference; lastKnownFileType = sourcecode.swift; path = "오픈채팅방.swift"; sourceTree = "<group>"; };
/* End PBXFileReference section */

/* Begin PBXFrameworksBuildPhase section */
		011EACC727F6EC97003E9DE2 /* Frameworks */ = {
			isa = PBXFrameworksBuildPhase;
			buildActionMask = 2147483647;
			files = (
			);
			runOnlyForDeploymentPostprocessing = 0;
		};
/* End PBXFrameworksBuildPhase section */

/* Begin PBXGroup section */
		011EACC127F6EC97003E9DE2 = {
			isa = PBXGroup;
			children = (
				011EACCC27F6EC97003E9DE2 /* CodingTest */,
				011EACCB27F6EC97003E9DE2 /* Products */,
			);
			sourceTree = "<group>";
		};
		011EACCB27F6EC97003E9DE2 /* Products */ = {
			isa = PBXGroup;
			children = (
				011EACCA27F6EC97003E9DE2 /* CodingTest */,
			);
			name = Products;
			sourceTree = "<group>";
		};
		011EACCC27F6EC97003E9DE2 /* CodingTest */ = {
			isa = PBXGroup;
			children = (
				C8BBC20C27FB4D6000CF86BE /* Programmers */,
				011EACCD27F6EC97003E9DE2 /* main.swift */,
			);
			path = CodingTest;
			sourceTree = "<group>";
		};
		014F844B280660A40010DC90 /* Utility */ = {
			isa = PBXGroup;
			children = (
				014F844C280660AD0010DC90 /* Extension */,
			);
			path = Utility;
			sourceTree = "<group>";
		};
		014F844C280660AD0010DC90 /* Extension */ = {
			isa = PBXGroup;
			children = (
				014F844D280660B80010DC90 /* String+Extension.swift */,
			);
			path = Extension;
			sourceTree = "<group>";
		};
		C8BBC20C27FB4D6000CF86BE /* Programmers */ = {
			isa = PBXGroup;
			children = (
				014F844B280660A40010DC90 /* Utility */,
				C8BBC20D27FB4D7000CF86BE /* Level2 */,
			);
			path = Programmers;
			sourceTree = "<group>";
		};
		C8BBC20D27FB4D7000CF86BE /* Level2 */ = {
			isa = PBXGroup;
			children = (
				C8BBC20E27FB4D7D00CF86BE /* 오픈채팅방.swift */,
				0141784B27FC02EC004CF832 /* 문자열압축.swift */,
				0141784D27FC032E004CF832 /* 멀쩡한사각형.swift */,
				0141784F27FC1E49004CF832 /* 기능개발.swift */,
				0141785127FC3C76004CF832 /* 타겟넘버.swift */,
				C8B60AA027FC7DBB009F6E68 /* 짝지어제거하기.swift */,
				019AD5E227FD928A0090887C /* 행렬테두리회전하기.swift */,
				014F844928065D6B0010DC90 /* 뉴스클러스터링.swift */,
			);
			path = Level2;
			sourceTree = "<group>";
		};
/* End PBXGroup section */

/* Begin PBXNativeTarget section */
		011EACC927F6EC97003E9DE2 /* CodingTest */ = {
			isa = PBXNativeTarget;
			buildConfigurationList = 011EACD127F6EC97003E9DE2 /* Build configuration list for PBXNativeTarget "CodingTest" */;
			buildPhases = (
				011EACC627F6EC97003E9DE2 /* Sources */,
				011EACC727F6EC97003E9DE2 /* Frameworks */,
				011EACC827F6EC97003E9DE2 /* CopyFiles */,
			);
			buildRules = (
			);
			dependencies = (
			);
			name = CodingTest;
			productName = CodingTest;
			productReference = 011EACCA27F6EC97003E9DE2 /* CodingTest */;
			productType = "com.apple.product-type.tool";
		};
/* End PBXNativeTarget section */

/* Begin PBXProject section */
		011EACC227F6EC97003E9DE2 /* Project object */ = {
			isa = PBXProject;
			attributes = {
				BuildIndependentTargetsInParallel = 1;
				LastSwiftUpdateCheck = 1320;
				LastUpgradeCheck = 1320;
				TargetAttributes = {
					011EACC927F6EC97003E9DE2 = {
						CreatedOnToolsVersion = 13.2.1;
					};
				};
			};
			buildConfigurationList = 011EACC527F6EC97003E9DE2 /* Build configuration list for PBXProject "CodingTest" */;
			compatibilityVersion = "Xcode 13.0";
			developmentRegion = en;
			hasScannedForEncodings = 0;
			knownRegions = (
				en,
				Base,
			);
			mainGroup = 011EACC127F6EC97003E9DE2;
			productRefGroup = 011EACCB27F6EC97003E9DE2 /* Products */;
			projectDirPath = "";
			projectRoot = "";
			targets = (
				011EACC927F6EC97003E9DE2 /* CodingTest */,
			);
		};
/* End PBXProject section */

/* Begin PBXSourcesBuildPhase section */
		011EACC627F6EC97003E9DE2 /* Sources */ = {
			isa = PBXSourcesBuildPhase;
			buildActionMask = 2147483647;
			files = (
				C8B60AA127FC7DBB009F6E68 /* 짝지어제거하기.swift in Sources */,
				0141784E27FC032E004CF832 /* 멀쩡한사각형.swift in Sources */,
				C8BBC20F27FB4D7D00CF86BE /* 오픈채팅방.swift in Sources */,
				014F844A28065D6B0010DC90 /* 뉴스클러스터링.swift in Sources */,
				0141785027FC1E49004CF832 /* 기능개발.swift in Sources */,
				019AD5E327FD928A0090887C /* 행렬테두리회전하기.swift in Sources */,
				011EACCE27F6EC97003E9DE2 /* main.swift in Sources */,
				0141785227FC3C76004CF832 /* 타겟넘버.swift in Sources */,
				014F844E280660B80010DC90 /* String+Extension.swift in Sources */,
				0141784C27FC02EC004CF832 /* 문자열압축.swift in Sources */,
			);
			runOnlyForDeploymentPostprocessing = 0;
		};
/* End PBXSourcesBuildPhase section */

/* Begin XCBuildConfiguration section */
		011EACCF27F6EC97003E9DE2 /* Debug */ = {
			isa = XCBuildConfiguration;
			buildSettings = {
				ALWAYS_SEARCH_USER_PATHS = NO;
				CLANG_ANALYZER_NONNULL = YES;
				CLANG_ANALYZER_NUMBER_OBJECT_CONVERSION = YES_AGGRESSIVE;
				CLANG_CXX_LANGUAGE_STANDARD = "gnu++17";
				CLANG_CXX_LIBRARY = "libc++";
				CLANG_ENABLE_MODULES = YES;
				CLANG_ENABLE_OBJC_ARC = YES;
				CLANG_ENABLE_OBJC_WEAK = YES;
				CLANG_WARN_BLOCK_CAPTURE_AUTORELEASING = YES;
				CLANG_WARN_BOOL_CONVERSION = YES;
				CLANG_WARN_COMMA = YES;
				CLANG_WARN_CONSTANT_CONVERSION = YES;
				CLANG_WARN_DEPRECATED_OBJC_IMPLEMENTATIONS = YES;
				CLANG_WARN_DIRECT_OBJC_ISA_USAGE = YES_ERROR;
				CLANG_WARN_DOCUMENTATION_COMMENTS = YES;
				CLANG_WARN_EMPTY_BODY = YES;
				CLANG_WARN_ENUM_CONVERSION = YES;
				CLANG_WARN_INFINITE_RECURSION = YES;
				CLANG_WARN_INT_CONVERSION = YES;
				CLANG_WARN_NON_LITERAL_NULL_CONVERSION = YES;
				CLANG_WARN_OBJC_IMPLICIT_RETAIN_SELF = YES;
				CLANG_WARN_OBJC_LITERAL_CONVERSION = YES;
				CLANG_WARN_OBJC_ROOT_CLASS = YES_ERROR;
				CLANG_WARN_QUOTED_INCLUDE_IN_FRAMEWORK_HEADER = YES;
				CLANG_WARN_RANGE_LOOP_ANALYSIS = YES;
				CLANG_WARN_STRICT_PROTOTYPES = YES;
				CLANG_WARN_SUSPICIOUS_MOVE = YES;
				CLANG_WARN_UNGUARDED_AVAILABILITY = YES_AGGRESSIVE;
				CLANG_WARN_UNREACHABLE_CODE = YES;
				CLANG_WARN__DUPLICATE_METHOD_MATCH = YES;
				COPY_PHASE_STRIP = NO;
				DEBUG_INFORMATION_FORMAT = dwarf;
				ENABLE_STRICT_OBJC_MSGSEND = YES;
				ENABLE_TESTABILITY = YES;
				GCC_C_LANGUAGE_STANDARD = gnu11;
				GCC_DYNAMIC_NO_PIC = NO;
				GCC_NO_COMMON_BLOCKS = YES;
				GCC_OPTIMIZATION_LEVEL = 0;
				GCC_PREPROCESSOR_DEFINITIONS = (
					"DEBUG=1",
					"$(inherited)",
				);
				GCC_WARN_64_TO_32_BIT_CONVERSION = YES;
				GCC_WARN_ABOUT_RETURN_TYPE = YES_ERROR;
				GCC_WARN_UNDECLARED_SELECTOR = YES;
				GCC_WARN_UNINITIALIZED_AUTOS = YES_AGGRESSIVE;
				GCC_WARN_UNUSED_FUNCTION = YES;
				GCC_WARN_UNUSED_VARIABLE = YES;
				MACOSX_DEPLOYMENT_TARGET = 12.1;
				MTL_ENABLE_DEBUG_INFO = INCLUDE_SOURCE;
				MTL_FAST_MATH = YES;
				ONLY_ACTIVE_ARCH = YES;
				SDKROOT = macosx;
				SWIFT_ACTIVE_COMPILATION_CONDITIONS = DEBUG;
				SWIFT_OPTIMIZATION_LEVEL = "-Onone";
			};
			name = Debug;
		};
		011EACD027F6EC97003E9DE2 /* Release */ = {
			isa = XCBuildConfiguration;
			buildSettings = {
				ALWAYS_SEARCH_USER_PATHS = NO;
				CLANG_ANALYZER_NONNULL = YES;
				CLANG_ANALYZER_NUMBER_OBJECT_CONVERSION = YES_AGGRESSIVE;
				CLANG_CXX_LANGUAGE_STANDARD = "gnu++17";
				CLANG_CXX_LIBRARY = "libc++";
				CLANG_ENABLE_MODULES = YES;
				CLANG_ENABLE_OBJC_ARC = YES;
				CLANG_ENABLE_OBJC_WEAK = YES;
				CLANG_WARN_BLOCK_CAPTURE_AUTORELEASING = YES;
				CLANG_WARN_BOOL_CONVERSION = YES;
				CLANG_WARN_COMMA = YES;
				CLANG_WARN_CONSTANT_CONVERSION = YES;
				CLANG_WARN_DEPRECATED_OBJC_IMPLEMENTATIONS = YES;
				CLANG_WARN_DIRECT_OBJC_ISA_USAGE = YES_ERROR;
				CLANG_WARN_DOCUMENTATION_COMMENTS = YES;
				CLANG_WARN_EMPTY_BODY = YES;
				CLANG_WARN_ENUM_CONVERSION = YES;
				CLANG_WARN_INFINITE_RECURSION = YES;
				CLANG_WARN_INT_CONVERSION = YES;
				CLANG_WARN_NON_LITERAL_NULL_CONVERSION = YES;
				CLANG_WARN_OBJC_IMPLICIT_RETAIN_SELF = YES;
				CLANG_WARN_OBJC_LITERAL_CONVERSION = YES;
				CLANG_WARN_OBJC_ROOT_CLASS = YES_ERROR;
				CLANG_WARN_QUOTED_INCLUDE_IN_FRAMEWORK_HEADER = YES;
				CLANG_WARN_RANGE_LOOP_ANALYSIS = YES;
				CLANG_WARN_STRICT_PROTOTYPES = YES;
				CLANG_WARN_SUSPICIOUS_MOVE = YES;
				CLANG_WARN_UNGUARDED_AVAILABILITY = YES_AGGRESSIVE;
				CLANG_WARN_UNREACHABLE_CODE = YES;
				CLANG_WARN__DUPLICATE_METHOD_MATCH = YES;
				COPY_PHASE_STRIP = NO;
				DEBUG_INFORMATION_FORMAT = "dwarf-with-dsym";
				ENABLE_NS_ASSERTIONS = NO;
				ENABLE_STRICT_OBJC_MSGSEND = YES;
				GCC_C_LANGUAGE_STANDARD = gnu11;
				GCC_NO_COMMON_BLOCKS = YES;
				GCC_WARN_64_TO_32_BIT_CONVERSION = YES;
				GCC_WARN_ABOUT_RETURN_TYPE = YES_ERROR;
				GCC_WARN_UNDECLARED_SELECTOR = YES;
				GCC_WARN_UNINITIALIZED_AUTOS = YES_AGGRESSIVE;
				GCC_WARN_UNUSED_FUNCTION = YES;
				GCC_WARN_UNUSED_VARIABLE = YES;
				MACOSX_DEPLOYMENT_TARGET = 12.1;
				MTL_ENABLE_DEBUG_INFO = NO;
				MTL_FAST_MATH = YES;
				SDKROOT = macosx;
				SWIFT_COMPILATION_MODE = wholemodule;
				SWIFT_OPTIMIZATION_LEVEL = "-O";
			};
			name = Release;
		};
		011EACD227F6EC97003E9DE2 /* Debug */ = {
			isa = XCBuildConfiguration;
			buildSettings = {
				CODE_SIGN_STYLE = Automatic;
				DEVELOPMENT_TEAM = 46J47L99KU;
				ENABLE_HARDENED_RUNTIME = YES;
				PRODUCT_NAME = "$(TARGET_NAME)";
				SWIFT_VERSION = 5.0;
			};
			name = Debug;
		};
		011EACD327F6EC97003E9DE2 /* Release */ = {
			isa = XCBuildConfiguration;
			buildSettings = {
				CODE_SIGN_STYLE = Automatic;
				DEVELOPMENT_TEAM = 46J47L99KU;
				ENABLE_HARDENED_RUNTIME = YES;
				PRODUCT_NAME = "$(TARGET_NAME)";
				SWIFT_VERSION = 5.0;
			};
			name = Release;
		};
/* End XCBuildConfiguration section */

/* Begin XCConfigurationList section */
		011EACC527F6EC97003E9DE2 /* Build configuration list for PBXProject "CodingTest" */ = {
			isa = XCConfigurationList;
			buildConfigurations = (
				011EACCF27F6EC97003E9DE2 /* Debug */,
				011EACD027F6EC97003E9DE2 /* Release */,
			);
			defaultConfigurationIsVisible = 0;
			defaultConfigurationName = Release;
		};
		011EACD127F6EC97003E9DE2 /* Build configuration list for PBXNativeTarget "CodingTest" */ = {
			isa = XCConfigurationList;
			buildConfigurations = (
				011EACD227F6EC97003E9DE2 /* Debug */,
				011EACD327F6EC97003E9DE2 /* Release */,
			);
			defaultConfigurationIsVisible = 0;
			defaultConfigurationName = Release;
		};
/* End XCConfigurationList section */
	};
	rootObject = 011EACC227F6EC97003E9DE2 /* Project object */;
}
